{
    "_readme": [
        "This file locks the dependencies of your project to a known state",
        "Read more about it at https://getcomposer.org/doc/01-basic-usage.md#installing-dependencies",
        "This file is @generated automatically"
    ],
    "content-hash": "1b5cb8c6fec03eb657503d1ef2af7b41",
    "packages": [],
    "packages-dev": [
        {
            "name": "automattic/phpcs-neutron-standard",
            "version": "v1.5.3",
            "source": {
                "type": "git",
                "url": "https://github.com/Automattic/phpcs-neutron-standard.git",
                "reference": "040b7b7da1ed68939885affa91e84343bb1bf898"
            },
            "dist": {
                "type": "zip",
                "url": "https://api.github.com/repos/Automattic/phpcs-neutron-standard/zipball/040b7b7da1ed68939885affa91e84343bb1bf898",
                "reference": "040b7b7da1ed68939885affa91e84343bb1bf898",
                "shasum": ""
            },
            "require": {
                "php": "^7.0"
            },
            "require-dev": {
                "dealerdirect/phpcodesniffer-composer-installer": "^0.4.4",
                "limedeck/phpunit-detailed-printer": "^3.1",
                "phpunit/phpunit": "^6.4",
                "sirbrillig/phpcs-variable-analysis": "^2.0.1",
                "squizlabs/php_codesniffer": "3.3.0"
            },
            "type": "phpcodesniffer-standard",
            "autoload": {
                "psr-4": {
                    "NeutronStandard\\": "NeutronStandard/"
                }
            },
            "notification-url": "https://packagist.org/downloads/",
            "license": [
                "MIT"
            ],
            "authors": [
                {
                    "name": "Payton Swick",
                    "email": "payton@foolord.com"
                }
            ],
            "description": "A set of phpcs sniffs for modern php development.",
            "time": "2018-09-11T19:08:15+00:00"
        },
        {
            "name": "dealerdirect/phpcodesniffer-composer-installer",
            "version": "v0.5.0",
            "source": {
                "type": "git",
                "url": "https://github.com/Dealerdirect/phpcodesniffer-composer-installer.git",
                "reference": "e749410375ff6fb7a040a68878c656c2e610b132"
            },
            "dist": {
                "type": "zip",
                "url": "https://api.github.com/repos/Dealerdirect/phpcodesniffer-composer-installer/zipball/e749410375ff6fb7a040a68878c656c2e610b132",
                "reference": "e749410375ff6fb7a040a68878c656c2e610b132",
                "shasum": ""
            },
            "require": {
                "composer-plugin-api": "^1.0",
                "php": "^5.3|^7",
                "squizlabs/php_codesniffer": "^2|^3"
            },
            "require-dev": {
                "composer/composer": "*",
                "phpcompatibility/php-compatibility": "^9.0",
                "sensiolabs/security-checker": "^4.1.0"
            },
            "type": "composer-plugin",
            "extra": {
                "class": "Dealerdirect\\Composer\\Plugin\\Installers\\PHPCodeSniffer\\Plugin"
            },
            "autoload": {
                "psr-4": {
                    "Dealerdirect\\Composer\\Plugin\\Installers\\PHPCodeSniffer\\": "src/"
                }
            },
            "notification-url": "https://packagist.org/downloads/",
            "license": [
                "MIT"
            ],
            "authors": [
                {
                    "name": "Franck Nijhof",
                    "email": "franck.nijhof@dealerdirect.com",
                    "homepage": "http://www.frenck.nl",
                    "role": "Developer / IT Manager"
                }
            ],
            "description": "PHP_CodeSniffer Standards Composer Installer Plugin",
            "homepage": "http://www.dealerdirect.com",
            "keywords": [
                "PHPCodeSniffer",
                "PHP_CodeSniffer",
                "code quality",
                "codesniffer",
                "composer",
                "installer",
                "phpcs",
                "plugin",
                "qa",
                "quality",
                "standard",
                "standards",
                "style guide",
                "stylecheck",
                "tests"
            ],
            "time": "2018-10-26T13:21:45+00:00"
        },
        {
            "name": "giacocorsiglia/wordpress-stubs",
            "version": "v5.1.1",
            "source": {
                "type": "git",
                "url": "https://github.com/GiacoCorsiglia/wordpress-stubs.git",
                "reference": "1c6f011f5c241bab7293315d7fb7fca27fe79473"
            },
            "dist": {
                "type": "zip",
                "url": "https://api.github.com/repos/GiacoCorsiglia/wordpress-stubs/zipball/1c6f011f5c241bab7293315d7fb7fca27fe79473",
                "reference": "1c6f011f5c241bab7293315d7fb7fca27fe79473",
                "shasum": ""
            },
            "require-dev": {
                "ext-gettext": "*",
                "giacocorsiglia/stubs-generator": "^0.5.0",
                "johnpbloch/wordpress": "5.1.1",
                "php": "^7.1"
            },
            "type": "library",
            "notification-url": "https://packagist.org/downloads/",
            "license": [
                "GPL-2.0+"
            ],
            "authors": [
                {
                    "name": "Giaco Corsiglia",
                    "email": "GiacoCorsiglia@gmail.com"
                }
            ],
            "description": "WordPress function, class, and global variable declaration stubs for easier static analysis.",
            "homepage": "https://github.com/GiacoCorsiglia/wordpress-stubs",
            "keywords": [
                "static analysis",
                "wordpress"
            ],
            "time": "2019-03-13T21:16:05+00:00"
        },
        {
            "name": "phpstan/phpstan-shim",
            "version": "0.11.8",
            "source": {
                "type": "git",
                "url": "https://github.com/phpstan/phpstan-shim.git",
                "reference": "f71f7bc73849191e1d044e69f99046b58253054e"
            },
            "dist": {
                "type": "zip",
                "url": "https://api.github.com/repos/phpstan/phpstan-shim/zipball/f71f7bc73849191e1d044e69f99046b58253054e",
                "reference": "f71f7bc73849191e1d044e69f99046b58253054e",
                "shasum": ""
            },
            "require": {
                "php": "~7.1"
            },
            "replace": {
                "nikic/php-parser": "^4.0.2",
                "phpstan/phpdoc-parser": "^0.3.3",
                "phpstan/phpstan": "self.version"
            },
            "bin": [
                "phpstan",
                "phpstan.phar"
            ],
            "type": "library",
            "extra": {
                "branch-alias": {
                    "dev-master": "0.11-dev"
                }
            },
            "autoload": {
                "files": [
                    "bootstrap.php"
                ]
            },
            "notification-url": "https://packagist.org/downloads/",
            "license": [
                "MIT"
            ],
            "description": "PHPStan Phar distribution",
            "time": "2019-05-28T20:19:02+00:00"
        },
        {
            "name": "phpstan/phpstan-strict-rules",
            "version": "0.11.1",
            "source": {
                "type": "git",
                "url": "https://github.com/phpstan/phpstan-strict-rules.git",
                "reference": "a203a7afdda073d4ea405a6d9007a5b32de3be61"
            },
            "dist": {
                "type": "zip",
                "url": "https://api.github.com/repos/phpstan/phpstan-strict-rules/zipball/a203a7afdda073d4ea405a6d9007a5b32de3be61",
                "reference": "a203a7afdda073d4ea405a6d9007a5b32de3be61",
                "shasum": ""
            },
            "require": {
                "nikic/php-parser": "^4.0",
                "php": "~7.1",
                "phpstan/phpstan": "^0.11.4"
            },
            "require-dev": {
                "consistence/coding-standard": "^3.0.1",
                "dealerdirect/phpcodesniffer-composer-installer": "^0.4.4",
                "jakub-onderka/php-parallel-lint": "^1.0",
                "phing/phing": "^2.16.0",
                "phpstan/phpstan-phpunit": "^0.11",
                "phpunit/phpunit": "^7.0",
                "slevomat/coding-standard": "^4.5.2"
            },
            "type": "phpstan-extension",
            "extra": {
                "branch-alias": {
                    "dev-master": "0.11-dev"
                },
                "phpstan": {
                    "includes": [
                        "rules.neon"
                    ]
                }
            },
            "autoload": {
                "psr-4": {
                    "PHPStan\\": "src/"
                }
            },
            "notification-url": "https://packagist.org/downloads/",
            "license": [
                "MIT"
            ],
            "description": "Extra strict and opinionated rules for PHPStan",
            "time": "2019-05-12T16:59:47+00:00"
        },
        {
            "name": "squizlabs/php_codesniffer",
            "version": "3.4.2",
            "source": {
                "type": "git",
                "url": "https://github.com/squizlabs/PHP_CodeSniffer.git",
                "reference": "b8a7362af1cc1aadb5bd36c3defc4dda2cf5f0a8"
            },
            "dist": {
                "type": "zip",
                "url": "https://api.github.com/repos/squizlabs/PHP_CodeSniffer/zipball/b8a7362af1cc1aadb5bd36c3defc4dda2cf5f0a8",
                "reference": "b8a7362af1cc1aadb5bd36c3defc4dda2cf5f0a8",
                "shasum": ""
            },
            "require": {
                "ext-simplexml": "*",
                "ext-tokenizer": "*",
                "ext-xmlwriter": "*",
                "php": ">=5.4.0"
            },
            "require-dev": {
                "phpunit/phpunit": "^4.0 || ^5.0 || ^6.0 || ^7.0"
            },
            "bin": [
                "bin/phpcs",
                "bin/phpcbf"
            ],
            "type": "library",
            "extra": {
                "branch-alias": {
                    "dev-master": "3.x-dev"
                }
            },
            "notification-url": "https://packagist.org/downloads/",
            "license": [
                "BSD-3-Clause"
            ],
            "authors": [
                {
                    "name": "Greg Sherwood",
                    "role": "lead"
                }
            ],
            "description": "PHP_CodeSniffer tokenizes PHP, JavaScript and CSS files and detects violations of a defined set of coding standards.",
            "homepage": "https://github.com/squizlabs/PHP_CodeSniffer",
            "keywords": [
                "phpcs",
                "standards"
            ],
            "time": "2019-04-10T23:49:02+00:00"
        },
        {
            "name": "szepeviktor/phpstan-wordpress",
            "version": "0.1.2",
            "source": {
                "type": "git",
                "url": "https://github.com/szepeviktor/phpstan-wordpress.git",
                "reference": "4160f3a82bfd65a635bda0cd4e955172e0a26f80"
            },
            "dist": {
                "type": "zip",
                "url": "https://api.github.com/repos/szepeviktor/phpstan-wordpress/zipball/4160f3a82bfd65a635bda0cd4e955172e0a26f80",
                "reference": "4160f3a82bfd65a635bda0cd4e955172e0a26f80",
                "shasum": ""
            },
            "require": {
                "giacocorsiglia/wordpress-stubs": "^5.1",
                "php": "~7.1",
                "phpstan/phpstan": "^0.11.5"
            },
            "require-dev": {
                "consistence/coding-standard": "^3.8",
                "dealerdirect/phpcodesniffer-composer-installer": "^0.4.4",
                "jakub-onderka/php-parallel-lint": "^1.0",
                "phpstan/phpstan-strict-rules": "^0.11",
                "slevomat/coding-standard": "^5.0.4"
            },
            "type": "library",
            "autoload": {
                "psr-4": {
                    "PHPStan\\WordPress\\": "src/"
                }
            },
            "notification-url": "https://packagist.org/downloads/",
            "license": [
                "MIT"
            ],
            "description": "WordPress extensions for PHPStan",
            "time": "2019-05-05T22:04:43+00:00"
        },
        {
            "name": "wp-coding-standards/wpcs",
            "version": "2.1.1",
            "source": {
                "type": "git",
                "url": "https://github.com/WordPress-Coding-Standards/WordPress-Coding-Standards.git",
                "reference": "bd9c33152115e6741e3510ff7189605b35167908"
            },
            "dist": {
                "type": "zip",
                "url": "https://api.github.com/repos/WordPress-Coding-Standards/WordPress-Coding-Standards/zipball/bd9c33152115e6741e3510ff7189605b35167908",
                "reference": "bd9c33152115e6741e3510ff7189605b35167908",
                "shasum": ""
            },
            "require": {
                "php": ">=5.4",
                "squizlabs/php_codesniffer": "^3.3.1"
            },
            "require-dev": {
                "dealerdirect/phpcodesniffer-composer-installer": "^0.5.0",
                "phpcompatibility/php-compatibility": "^9.0",
                "phpunit/phpunit": "^4.0 || ^5.0 || ^6.0 || ^7.0"
            },
            "suggest": {
                "dealerdirect/phpcodesniffer-composer-installer": "^0.5.0 || This Composer plugin will sort out the PHPCS 'installed_paths' automatically."
            },
            "type": "phpcodesniffer-standard",
            "notification-url": "https://packagist.org/downloads/",
            "license": [
                "MIT"
            ],
            "authors": [
                {
                    "name": "Contributors",
                    "homepage": "https://github.com/WordPress-Coding-Standards/WordPress-Coding-Standards/graphs/contributors"
                }
            ],
            "description": "PHP_CodeSniffer rules (sniffs) to enforce WordPress coding conventions",
            "keywords": [
                "phpcs",
                "standards",
                "wordpress"
            ],
            "time": "2019-05-21T02:50:00+00:00"
        }
    ],
    "aliases": [],
    "minimum-stability": "stable",
    "stability-flags": [],
    "prefer-stable": false,
    "prefer-lowest": false,
    "platform": {
        "php": ">=7.0"
    },
    "platform-dev": []
}
